
Microsoft Visual Studio Solution File, Format Version 12.00
# Visual Studio Version 17
VisualStudioVersion = 17.11.35327.3
MinimumVisualStudioVersion = 10.0.40219.1
Project("{FAE04EC0-301F-11D3-BF4B-00C04F79EFBC}") = "TextboxEvents", "TextboxEvents\TextboxEvents.csproj", "{7EA9C76F-6B28-4482-9278-5FF6E6F84A14}"
EndProject
Global
	GlobalSection(SolutionConfigurationPlatforms) = preSolution
		Debug|Any CPU = Debug|Any CPU
		Release|Any CPU = Release|Any CPU
	EndGlobalSection
	GlobalSection(ProjectConfigurationPlatforms) = postSolution
		{7EA9C76F-6B28-4482-9278-5FF6E6F84A14}.Debug|Any CPU.ActiveCfg = Debug|Any CPU
		{7EA9C76F-6B28-4482-9278-5FF6E6F84A14}.Debug|Any CPU.Build.0 = Debug|Any CPU
		{7EA9C76F-6B28-4482-9278-5FF6E6F84A14}.Release|Any CPU.ActiveCfg = Release|Any CPU
		{7EA9C76F-6B28-4482-9278-5FF6E6F84A14}.Release|Any CPU.Build.0 = Release|Any CPU
	EndGlobalSection
	GlobalSection(SolutionProperties) = preSolution
		HideSolutionNode = FALSE
	EndGlobalSection
	GlobalSection(ExtensibilityGlobals) = postSolution
		SolutionGuid = {463BBBCC-9A5D-41EE-83C5-F17E6F481F2F}
	EndGlobalSection
EndGlobal
