
Microsoft Visual Studio Solution File, Format Version 12.00
# Visual Studio Version 17
VisualStudioVersion = 17.11.35327.3
MinimumVisualStudioVersion = 10.0.40219.1
Project("{FAE04EC0-301F-11D3-BF4B-00C04F79EFBC}") = "KartUygulaması", "KartUygulaması\KartUygulaması.csproj", "{1137564D-D771-4A8E-9D7A-C71DA1E90017}"
EndProject
Global
	GlobalSection(SolutionConfigurationPlatforms) = preSolution
		Debug|Any CPU = Debug|Any CPU
		Release|Any CPU = Release|Any CPU
	EndGlobalSection
	GlobalSection(ProjectConfigurationPlatforms) = postSolution
		{1137564D-D771-4A8E-9D7A-C71DA1E90017}.Debug|Any CPU.ActiveCfg = Debug|Any CPU
		{1137564D-D771-4A8E-9D7A-C71DA1E90017}.Debug|Any CPU.Build.0 = Debug|Any CPU
		{1137564D-D771-4A8E-9D7A-C71DA1E90017}.Release|Any CPU.ActiveCfg = Release|Any CPU
		{1137564D-D771-4A8E-9D7A-C71DA1E90017}.Release|Any CPU.Build.0 = Release|Any CPU
	EndGlobalSection
	GlobalSection(SolutionProperties) = preSolution
		HideSolutionNode = FALSE
	EndGlobalSection
	GlobalSection(ExtensibilityGlobals) = postSolution
		SolutionGuid = {592DF039-482B-494D-8BAF-73A3F265EF77}
	EndGlobalSection
EndGlobal
