
Microsoft Visual Studio Solution File, Format Version 12.00
# Visual Studio Version 17
VisualStudioVersion = 17.11.35327.3
MinimumVisualStudioVersion = 10.0.40219.1
Project("{FAE04EC0-301F-11D3-BF4B-00C04F79EFBC}") = "NotifyIcon", "NotifyIcon\NotifyIcon.csproj", "{728A9FEE-9425-4E48-B1B8-D7C9C5A1EAD5}"
EndProject
Global
	GlobalSection(SolutionConfigurationPlatforms) = preSolution
		Debug|Any CPU = Debug|Any CPU
		Release|Any CPU = Release|Any CPU
	EndGlobalSection
	GlobalSection(ProjectConfigurationPlatforms) = postSolution
		{728A9FEE-9425-4E48-B1B8-D7C9C5A1EAD5}.Debug|Any CPU.ActiveCfg = Debug|Any CPU
		{728A9FEE-9425-4E48-B1B8-D7C9C5A1EAD5}.Debug|Any CPU.Build.0 = Debug|Any CPU
		{728A9FEE-9425-4E48-B1B8-D7C9C5A1EAD5}.Release|Any CPU.ActiveCfg = Release|Any CPU
		{728A9FEE-9425-4E48-B1B8-D7C9C5A1EAD5}.Release|Any CPU.Build.0 = Release|Any CPU
	EndGlobalSection
	GlobalSection(SolutionProperties) = preSolution
		HideSolutionNode = FALSE
	EndGlobalSection
	GlobalSection(ExtensibilityGlobals) = postSolution
		SolutionGuid = {843E1875-907E-43B3-86AF-AE430F47AB3A}
	EndGlobalSection
EndGlobal
