
Microsoft Visual Studio Solution File, Format Version 12.00
# Visual Studio Version 17
VisualStudioVersion = 17.11.35327.3
MinimumVisualStudioVersion = 10.0.40219.1
Project("{FAE04EC0-301F-11D3-BF4B-00C04F79EFBC}") = "ErrorProvider", "ErrorProvider\ErrorProvider.csproj", "{8140778F-9592-4964-962E-F02D0A2FA89B}"
EndProject
Global
	GlobalSection(SolutionConfigurationPlatforms) = preSolution
		Debug|Any CPU = Debug|Any CPU
		Release|Any CPU = Release|Any CPU
	EndGlobalSection
	GlobalSection(ProjectConfigurationPlatforms) = postSolution
		{8140778F-9592-4964-962E-F02D0A2FA89B}.Debug|Any CPU.ActiveCfg = Debug|Any CPU
		{8140778F-9592-4964-962E-F02D0A2FA89B}.Debug|Any CPU.Build.0 = Debug|Any CPU
		{8140778F-9592-4964-962E-F02D0A2FA89B}.Release|Any CPU.ActiveCfg = Release|Any CPU
		{8140778F-9592-4964-962E-F02D0A2FA89B}.Release|Any CPU.Build.0 = Release|Any CPU
	EndGlobalSection
	GlobalSection(SolutionProperties) = preSolution
		HideSolutionNode = FALSE
	EndGlobalSection
	GlobalSection(ExtensibilityGlobals) = postSolution
		SolutionGuid = {CA8C6594-A7C9-407F-BBC3-D3F9B7D13C36}
	EndGlobalSection
EndGlobal
