
Microsoft Visual Studio Solution File, Format Version 12.00
# Visual Studio Version 17
VisualStudioVersion = 17.11.35327.3
MinimumVisualStudioVersion = 10.0.40219.1
Project("{FAE04EC0-301F-11D3-BF4B-00C04F79EFBC}") = "Grenades", "Grenades\Grenades.csproj", "{F16B2F98-35CA-4921-B63C-864F9B340AF4}"
EndProject
Global
	GlobalSection(SolutionConfigurationPlatforms) = preSolution
		Debug|Any CPU = Debug|Any CPU
		Release|Any CPU = Release|Any CPU
	EndGlobalSection
	GlobalSection(ProjectConfigurationPlatforms) = postSolution
		{F16B2F98-35CA-4921-B63C-864F9B340AF4}.Debug|Any CPU.ActiveCfg = Debug|Any CPU
		{F16B2F98-35CA-4921-B63C-864F9B340AF4}.Debug|Any CPU.Build.0 = Debug|Any CPU
		{F16B2F98-35CA-4921-B63C-864F9B340AF4}.Release|Any CPU.ActiveCfg = Release|Any CPU
		{F16B2F98-35CA-4921-B63C-864F9B340AF4}.Release|Any CPU.Build.0 = Release|Any CPU
	EndGlobalSection
	GlobalSection(SolutionProperties) = preSolution
		HideSolutionNode = FALSE
	EndGlobalSection
	GlobalSection(ExtensibilityGlobals) = postSolution
		SolutionGuid = {A461B127-9D22-41E0-871E-9780BBF3C14E}
	EndGlobalSection
EndGlobal
