
Microsoft Visual Studio Solution File, Format Version 12.00
# Visual Studio Version 17
VisualStudioVersion = 17.11.35327.3
MinimumVisualStudioVersion = 10.0.40219.1
Project("{FAE04EC0-301F-11D3-BF4B-00C04F79EFBC}") = "UserApplication", "UserApplication\UserApplication.csproj", "{93613D2A-852C-45B5-BDF0-9AD2AEF01F25}"
EndProject
Global
	GlobalSection(SolutionConfigurationPlatforms) = preSolution
		Debug|Any CPU = Debug|Any CPU
		Release|Any CPU = Release|Any CPU
	EndGlobalSection
	GlobalSection(ProjectConfigurationPlatforms) = postSolution
		{93613D2A-852C-45B5-BDF0-9AD2AEF01F25}.Debug|Any CPU.ActiveCfg = Debug|Any CPU
		{93613D2A-852C-45B5-BDF0-9AD2AEF01F25}.Debug|Any CPU.Build.0 = Debug|Any CPU
		{93613D2A-852C-45B5-BDF0-9AD2AEF01F25}.Release|Any CPU.ActiveCfg = Release|Any CPU
		{93613D2A-852C-45B5-BDF0-9AD2AEF01F25}.Release|Any CPU.Build.0 = Release|Any CPU
	EndGlobalSection
	GlobalSection(SolutionProperties) = preSolution
		HideSolutionNode = FALSE
	EndGlobalSection
	GlobalSection(ExtensibilityGlobals) = postSolution
		SolutionGuid = {AEA4330E-463B-4B80-9507-1C784E0640B5}
	EndGlobalSection
EndGlobal
